
Microsoft Visual Studio Solution File, Format Version 12.00
Project("{FAE04EC0-301F-11D3-BF4B-00C04F79EFBC}") = "Singular-Runtime", "Singular-Runtime\Singular-Runtime.csproj", "{51ABD9D1-0568-4E88-BAC5-B118C3E2E2C9}"
EndProject
Project("{2150E333-8FDC-42A3-9474-1A3956D46DE8}") = "Singular-Root", "Singular-Root", "{C0471636-2A49-4B2D-A6A9-6018ED0CA36F}"
ProjectSection(SolutionItems) = preProject
	.gitignore = .gitignore
	README.md = README.md
	LICENSE.md = LICENSE.md
EndProjectSection
EndProject
Global
	GlobalSection(SolutionConfigurationPlatforms) = preSolution
		Debug|Any CPU = Debug|Any CPU
		Release|Any CPU = Release|Any CPU
	EndGlobalSection
	GlobalSection(ProjectConfigurationPlatforms) = postSolution
		{51ABD9D1-0568-4E88-BAC5-B118C3E2E2C9}.Debug|Any CPU.ActiveCfg = Debug|Any CPU
		{51ABD9D1-0568-4E88-BAC5-B118C3E2E2C9}.Debug|Any CPU.Build.0 = Debug|Any CPU
		{51ABD9D1-0568-4E88-BAC5-B118C3E2E2C9}.Release|Any CPU.ActiveCfg = Release|Any CPU
		{51ABD9D1-0568-4E88-BAC5-B118C3E2E2C9}.Release|Any CPU.Build.0 = Release|Any CPU
	EndGlobalSection
EndGlobal
